
Microsoft Visual Studio Solution File, Format Version 12.00
# Visual Studio Version 17
VisualStudioVersion = 17.7.34003.232
MinimumVisualStudioVersion = 10.0.40219.1
Project("{FAE04EC0-301F-11D3-BF4B-00C04F79EFBC}") = "ConsoleApp21", "ConsoleApp21\ConsoleApp21.csproj", "{24F35A18-4DD3-4BB0-A221-2DFF4F1EA936}"
EndProject
Global
	GlobalSection(SolutionConfigurationPlatforms) = preSolution
		Debug|Any CPU = Debug|Any CPU
		Release|Any CPU = Release|Any CPU
	EndGlobalSection
	GlobalSection(ProjectConfigurationPlatforms) = postSolution
		{24F35A18-4DD3-4BB0-A221-2DFF4F1EA936}.Debug|Any CPU.ActiveCfg = Debug|Any CPU
		{24F35A18-4DD3-4BB0-A221-2DFF4F1EA936}.Debug|Any CPU.Build.0 = Debug|Any CPU
		{24F35A18-4DD3-4BB0-A221-2DFF4F1EA936}.Release|Any CPU.ActiveCfg = Release|Any CPU
		{24F35A18-4DD3-4BB0-A221-2DFF4F1EA936}.Release|Any CPU.Build.0 = Release|Any CPU
	EndGlobalSection
	GlobalSection(SolutionProperties) = preSolution
		HideSolutionNode = FALSE
	EndGlobalSection
	GlobalSection(ExtensibilityGlobals) = postSolution
		SolutionGuid = {1849EE75-B1C2-4D99-B282-15C65D97DA04}
	EndGlobalSection
EndGlobal
